version = 1
revision = 2
requires-python = ">=3.13"

[[package]]
name = "a2wsgi"
version = "1.10.10"
source = { registry = "https://pypi.org/simple" }
sdist = { url = "https://files.pythonhosted.org/packages/9a/cb/822c56fbea97e9eee201a2e434a80437f6750ebcb1ed307ee3a0a7505b14/a2wsgi-1.10.10.tar.gz", hash = "sha256:a5bcffb52081ba39df0d5e9a884fc6f819d92e3a42389343ba77cbf809fe1f45", size = 18799, upload-time = "2025-06-18T09:00:10.843Z" }
wheels = [
    { url = "https://files.pythonhosted.org/packages/02/d5/349aba3dc421e73cbd4958c0ce0a4f1aa3a738bc0d7de75d2f40ed43a535/a2wsgi-1.10.10-py3-none-any.whl", hash = "sha256:d2b21379479718539dc15fce53b876251a0efe7615352dfe49f6ad1bc507848d", size = 17389, upload-time = "2025-06-18T09:00:09.676Z" },
]

[[package]]
name = "gpt4free"
version = "0.1.0"
source = { virtual = "." }
dependencies = [
    { name = "a2wsgi" },
]

[package.metadata]
requires-dist = [{ name = "a2wsgi", specifier = ">=1.10.10" }]
